
Microsoft Visual Studio Solution File, Format Version 12.00
# Visual Studio Version 17
VisualStudioVersion = 17.7.34202.233
MinimumVisualStudioVersion = 10.0.40219.1
Project("{FAE04EC0-301F-11D3-BF4B-00C04F79EFBC}") = "NZWalks", "NZWalks\NZWalks.csproj", "{64E9CB51-1717-410F-82A6-51DED45B990D}"
EndProject
Global
	GlobalSection(SolutionConfigurationPlatforms) = preSolution
		Debug|Any CPU = Debug|Any CPU
		Release|Any CPU = Release|Any CPU
	EndGlobalSection
	GlobalSection(ProjectConfigurationPlatforms) = postSolution
		{64E9CB51-1717-410F-82A6-51DED45B990D}.Debug|Any CPU.ActiveCfg = Debug|Any CPU
		{64E9CB51-1717-410F-82A6-51DED45B990D}.Debug|Any CPU.Build.0 = Debug|Any CPU
		{64E9CB51-1717-410F-82A6-51DED45B990D}.Release|Any CPU.ActiveCfg = Release|Any CPU
		{64E9CB51-1717-410F-82A6-51DED45B990D}.Release|Any CPU.Build.0 = Release|Any CPU
	EndGlobalSection
	GlobalSection(SolutionProperties) = preSolution
		HideSolutionNode = FALSE
	EndGlobalSection
	GlobalSection(ExtensibilityGlobals) = postSolution
		SolutionGuid = {FAE051DF-8E97-4473-8F85-F9FCD41B6CD7}
	EndGlobalSection
EndGlobal
